
Microsoft Visual Studio Solution File, Format Version 12.00
# Visual Studio Version 17
VisualStudioVersion = 17.3.32611.2
MinimumVisualStudioVersion = 10.0.40219.1
Project("{54A90642-561A-4BB1-A94E-469ADEE60C69}") = "todo.web", "todo.web\todo.web.esproj", "{08F66E69-CA4B-4061-8EAF-00E0C79F6D88}"
EndProject
Project("{9A19103F-16F7-4668-BE54-9A1E7A4F7556}") = "Todo.Api", "Todo.Api\Todo.Api.csproj", "{CA5E8B60-25B4-4206-BEBB-7632869BC00D}"
EndProject
Project("{FAE04EC0-301F-11D3-BF4B-00C04F79EFBC}") = "Todo.Api.UnitTests", "Todo.Api.UnitTests\Todo.Api.UnitTests.csproj", "{3F5043C6-400A-4027-AFAD-D6700C5AC97B}"
EndProject
Global
	GlobalSection(SolutionConfigurationPlatforms) = preSolution
		Debug|Any CPU = Debug|Any CPU
		Release|Any CPU = Release|Any CPU
	EndGlobalSection
	GlobalSection(ProjectConfigurationPlatforms) = postSolution
		{08F66E69-CA4B-4061-8EAF-00E0C79F6D88}.Debug|Any CPU.ActiveCfg = Debug|Any CPU
		{08F66E69-CA4B-4061-8EAF-00E0C79F6D88}.Debug|Any CPU.Build.0 = Debug|Any CPU
		{08F66E69-CA4B-4061-8EAF-00E0C79F6D88}.Debug|Any CPU.Deploy.0 = Debug|Any CPU
		{08F66E69-CA4B-4061-8EAF-00E0C79F6D88}.Release|Any CPU.ActiveCfg = Release|Any CPU
		{08F66E69-CA4B-4061-8EAF-00E0C79F6D88}.Release|Any CPU.Build.0 = Release|Any CPU
		{08F66E69-CA4B-4061-8EAF-00E0C79F6D88}.Release|Any CPU.Deploy.0 = Release|Any CPU
		{CA5E8B60-25B4-4206-BEBB-7632869BC00D}.Debug|Any CPU.ActiveCfg = Debug|Any CPU
		{CA5E8B60-25B4-4206-BEBB-7632869BC00D}.Debug|Any CPU.Build.0 = Debug|Any CPU
		{CA5E8B60-25B4-4206-BEBB-7632869BC00D}.Release|Any CPU.ActiveCfg = Release|Any CPU
		{CA5E8B60-25B4-4206-BEBB-7632869BC00D}.Release|Any CPU.Build.0 = Release|Any CPU
		{3F5043C6-400A-4027-AFAD-D6700C5AC97B}.Debug|Any CPU.ActiveCfg = Debug|Any CPU
		{3F5043C6-400A-4027-AFAD-D6700C5AC97B}.Debug|Any CPU.Build.0 = Debug|Any CPU
		{3F5043C6-400A-4027-AFAD-D6700C5AC97B}.Release|Any CPU.ActiveCfg = Release|Any CPU
		{3F5043C6-400A-4027-AFAD-D6700C5AC97B}.Release|Any CPU.Build.0 = Release|Any CPU
	EndGlobalSection
	GlobalSection(SolutionProperties) = preSolution
		HideSolutionNode = FALSE
	EndGlobalSection
	GlobalSection(ExtensibilityGlobals) = postSolution
		SolutionGuid = {0756718A-052B-4AAC-8C21-AE7C1DCE8ACD}
	EndGlobalSection
EndGlobal
